
Microsoft Visual Studio Solution File, Format Version 12.00
# Visual Studio Version 16
VisualStudioVersion = 16.0.31313.79
MinimumVisualStudioVersion = 10.0.40219.1
Project("{9A19103F-16F7-4668-BE54-9A1E7A4F7556}") = "Scalesque.Tests", "Scalesque.Tests\Scalesque.Tests.csproj", "{13179235-B77A-4FD4-A7FE-2DC66529F4E0}"
EndProject
Project("{2150E333-8FDC-42A3-9474-1A3956D46DE8}") = "ReadMe", "ReadMe", "{134AC04D-E7FE-423D-AE87-76C05CF88995}"
	ProjectSection(SolutionItems) = preProject
		License.txt = License.txt
	EndProjectSection
EndProject
Project("{9A19103F-16F7-4668-BE54-9A1E7A4F7556}") = "Scalesque", "Scalesque\Scalesque.csproj", "{2DA8BA10-2D39-462F-B450-B5966ECECBD3}"
EndProject
Global
	GlobalSection(SolutionConfigurationPlatforms) = preSolution
		Debug|Any CPU = Debug|Any CPU
		Release|Any CPU = Release|Any CPU
	EndGlobalSection
	GlobalSection(ProjectConfigurationPlatforms) = postSolution
		{13179235-B77A-4FD4-A7FE-2DC66529F4E0}.Debug|Any CPU.ActiveCfg = Debug|Any CPU
		{13179235-B77A-4FD4-A7FE-2DC66529F4E0}.Debug|Any CPU.Build.0 = Debug|Any CPU
		{13179235-B77A-4FD4-A7FE-2DC66529F4E0}.Release|Any CPU.ActiveCfg = Release|Any CPU
		{13179235-B77A-4FD4-A7FE-2DC66529F4E0}.Release|Any CPU.Build.0 = Release|Any CPU
		{2DA8BA10-2D39-462F-B450-B5966ECECBD3}.Debug|Any CPU.ActiveCfg = Debug|Any CPU
		{2DA8BA10-2D39-462F-B450-B5966ECECBD3}.Debug|Any CPU.Build.0 = Debug|Any CPU
		{2DA8BA10-2D39-462F-B450-B5966ECECBD3}.Release|Any CPU.ActiveCfg = Release|Any CPU
		{2DA8BA10-2D39-462F-B450-B5966ECECBD3}.Release|Any CPU.Build.0 = Release|Any CPU
	EndGlobalSection
	GlobalSection(SolutionProperties) = preSolution
		HideSolutionNode = FALSE
	EndGlobalSection
	GlobalSection(ExtensibilityGlobals) = postSolution
		SolutionGuid = {C36BC42A-AE9B-43E8-A798-64422B5AAD3D}
	EndGlobalSection
EndGlobal
